// !$*UTF8*$!
{
	archiveVersion = 1;
	classes = {
	};
	objectVersion = 55;
	objects = {

/* Begin PBXBuildFile section */
		3623A0F2DBBE8035579DCB8C /* Pods_BudgetPlanningTests.framework in Frameworks */ = {isa = PBXBuildFile; fileRef = A6B0217F968D084E6F713B75 /* Pods_BudgetPlanningTests.framework */; };
		6895C980E6F0F643B20F1583 /* Pods_BudgetPlanning.framework in Frameworks */ = {isa = PBXBuildFile; fileRef = DCD038FCF8082D8B2E6C7EBE /* Pods_BudgetPlanning.framework */; };
		ED02F65A28A0573F003032D7 /* CustomTabbar.swift in Sources */ = {isa = PBXBuildFile; fileRef = ED02F65928A0573F003032D7 /* CustomTabbar.swift */; };
		ED02F65C28A065E4003032D7 /* AppTabBar.swift in Sources */ = {isa = PBXBuildFile; fileRef = ED02F65B28A065E3003032D7 /* AppTabBar.swift */; };
		ED02F65E28A0674A003032D7 /* Reload.swift in Sources */ = {isa = PBXBuildFile; fileRef = ED02F65D28A0674A003032D7 /* Reload.swift */; };
		ED0940FB28D52241008180D2 /* CircularProgressView.swift in Sources */ = {isa = PBXBuildFile; fileRef = ED0940FA28D52241008180D2 /* CircularProgressView.swift */; };
		ED09410028D523EC008180D2 /* MonthGoalVC.swift in Sources */ = {isa = PBXBuildFile; fileRef = ED0940FE28D523EC008180D2 /* MonthGoalVC.swift */; };
		ED09410128D523EC008180D2 /* MonthGoalVC.xib in Resources */ = {isa = PBXBuildFile; fileRef = ED0940FF28D523EC008180D2 /* MonthGoalVC.xib */; };
		ED0A48A728A5612E00E29E5D /* CustomizedTabBar.swift in Sources */ = {isa = PBXBuildFile; fileRef = ED0A48A628A5612E00E29E5D /* CustomizedTabBar.swift */; };
		ED1EC5C828D5DEB9001F63A8 /* ArcView.swift in Sources */ = {isa = PBXBuildFile; fileRef = ED1EC5C728D5DEB9001F63A8 /* ArcView.swift */; };
		ED2574B328A1518300FEC730 /* AboutMyBudgetVC.swift in Sources */ = {isa = PBXBuildFile; fileRef = ED2574B228A1518300FEC730 /* AboutMyBudgetVC.swift */; };
		ED323C6B1595DAFF5C4868E5 /* Pods_BudgetPlanning_BudgetPlanningUITests.framework in Frameworks */ = {isa = PBXBuildFile; fileRef = 9E8A4B84966A297E9F5685D5 /* Pods_BudgetPlanning_BudgetPlanningUITests.framework */; };
		ED4F0D6028DF9EDE00F9359E /* PrecentageCell.swift in Sources */ = {isa = PBXBuildFile; fileRef = ED4F0D5E28DF9EDE00F9359E /* PrecentageCell.swift */; };
		ED4F0D6128DF9EDE00F9359E /* PrecentageCell.xib in Resources */ = {isa = PBXBuildFile; fileRef = ED4F0D5F28DF9EDE00F9359E /* PrecentageCell.xib */; };
		ED4F0D6328DFAC6F00F9359E /* SelfSizingCollectionView.swift in Sources */ = {isa = PBXBuildFile; fileRef = ED4F0D6228DFAC6F00F9359E /* SelfSizingCollectionView.swift */; };
		ED4F0D6528DFAEBA00F9359E /* AboutMyBudget+Collection.swift in Sources */ = {isa = PBXBuildFile; fileRef = ED4F0D6428DFAEBA00F9359E /* AboutMyBudget+Collection.swift */; };
		ED4F0D6728DFAECD00F9359E /* AboutMyBudgetVC+Delegation.swift in Sources */ = {isa = PBXBuildFile; fileRef = ED4F0D6628DFAECD00F9359E /* AboutMyBudgetVC+Delegation.swift */; };
		ED57417F28A257BD00969658 /* HomeVC.swift in Sources */ = {isa = PBXBuildFile; fileRef = ED57417D28A257BD00969658 /* HomeVC.swift */; };
		ED57418028A257BD00969658 /* HomeVC.xib in Resources */ = {isa = PBXBuildFile; fileRef = ED57417E28A257BD00969658 /* HomeVC.xib */; };
		ED57418328A258D100969658 /* FuturePurchasesCell.swift in Sources */ = {isa = PBXBuildFile; fileRef = ED57418128A258D100969658 /* FuturePurchasesCell.swift */; };
		ED57418428A258D100969658 /* FuturePurchasesCell.xib in Resources */ = {isa = PBXBuildFile; fileRef = ED57418228A258D100969658 /* FuturePurchasesCell.xib */; };
		ED57418828A29B9200969658 /* SecondProgressBar.swift in Sources */ = {isa = PBXBuildFile; fileRef = ED57418628A29B9200969658 /* SecondProgressBar.swift */; };
		ED57418928A29B9200969658 /* SecondProgressBar.xib in Resources */ = {isa = PBXBuildFile; fileRef = ED57418728A29B9200969658 /* SecondProgressBar.xib */; };
		ED57419128A29EDF00969658 /* Label_Ext.swift in Sources */ = {isa = PBXBuildFile; fileRef = ED57418F28A29EDF00969658 /* Label_Ext.swift */; };
		ED57419228A29EDF00969658 /* Btn_Ext.swift in Sources */ = {isa = PBXBuildFile; fileRef = ED57419028A29EDF00969658 /* Btn_Ext.swift */; };
		ED58E98F28A4DB4100E65EE7 /* TabbarController.swift in Sources */ = {isa = PBXBuildFile; fileRef = ED58E98D28A4DB4000E65EE7 /* TabbarController.swift */; };
		ED58E99C28A4F9CE00E65EE7 /* AboutMyBudgetVC.xib in Resources */ = {isa = PBXBuildFile; fileRef = ED58E99B28A4F9CE00E65EE7 /* AboutMyBudgetVC.xib */; };
		ED725F4428A59662007FA711 /* UIViewX.swift in Sources */ = {isa = PBXBuildFile; fileRef = ED725F4328A59662007FA711 /* UIViewX.swift */; };
		ED8B0EE528A101FC0093A429 /* UIViewController+AdditionalFeatures.swift in Sources */ = {isa = PBXBuildFile; fileRef = ED8B0EE328A101FB0093A429 /* UIViewController+AdditionalFeatures.swift */; };
		ED8B0EE628A101FC0093A429 /* UIView+AdditionalFeatures.swift in Sources */ = {isa = PBXBuildFile; fileRef = ED8B0EE428A101FC0093A429 /* UIView+AdditionalFeatures.swift */; };
		ED9119F128E76F5A00EC4C12 /* SideMenuVC.swift in Sources */ = {isa = PBXBuildFile; fileRef = ED9119EF28E76F5A00EC4C12 /* SideMenuVC.swift */; };
		ED9119F228E76F5A00EC4C12 /* SideMenuVC.xib in Resources */ = {isa = PBXBuildFile; fileRef = ED9119F028E76F5A00EC4C12 /* SideMenuVC.xib */; };
		ED9119F528E772C500EC4C12 /* SideMenuCell.swift in Sources */ = {isa = PBXBuildFile; fileRef = ED9119F328E772C500EC4C12 /* SideMenuCell.swift */; };
		ED9119F628E772C500EC4C12 /* SideMenuCell.xib in Resources */ = {isa = PBXBuildFile; fileRef = ED9119F428E772C500EC4C12 /* SideMenuCell.xib */; };
		ED9119F828E7773000EC4C12 /* UIVC_Blur_Ext.swift in Sources */ = {isa = PBXBuildFile; fileRef = ED9119F728E7773000EC4C12 /* UIVC_Blur_Ext.swift */; };
		ED9119FA28E790FB00EC4C12 /* SideMenuVC+Collection.swift in Sources */ = {isa = PBXBuildFile; fileRef = ED9119F928E790FB00EC4C12 /* SideMenuVC+Collection.swift */; };
		ED9119FC28E7914C00EC4C12 /* SideMenuVC+Delegation.swift in Sources */ = {isa = PBXBuildFile; fileRef = ED9119FB28E7914C00EC4C12 /* SideMenuVC+Delegation.swift */; };
		ED94735728A444EC00BA10DD /* HomeVC+Collection.swift in Sources */ = {isa = PBXBuildFile; fileRef = ED94735628A444EC00BA10DD /* HomeVC+Collection.swift */; };
		ED94735928A4450000BA10DD /* HomeVC+Delegation.swift in Sources */ = {isa = PBXBuildFile; fileRef = ED94735828A4450000BA10DD /* HomeVC+Delegation.swift */; };
		ED9A4CFE29600CBB00B0BEC2 /* Podfile in Resources */ = {isa = PBXBuildFile; fileRef = ED9A4CFD29600CBB00B0BEC2 /* Podfile */; };
		ED9C5DAC28EA1062003BCD60 /* SpeedometerView.swift in Sources */ = {isa = PBXBuildFile; fileRef = ED9C5DAA28EA1062003BCD60 /* SpeedometerView.swift */; };
		ED9C5DB028EA116E003BCD60 /* SpeedoMeterVC.swift in Sources */ = {isa = PBXBuildFile; fileRef = ED9C5DAE28EA116E003BCD60 /* SpeedoMeterVC.swift */; };
		ED9C5DB128EA116E003BCD60 /* SpeedoMeterVC.xib in Resources */ = {isa = PBXBuildFile; fileRef = ED9C5DAF28EA116E003BCD60 /* SpeedoMeterVC.xib */; };
		ED9F09B6289F13D400672027 /* AppDelegate.swift in Sources */ = {isa = PBXBuildFile; fileRef = ED9F09B5289F13D400672027 /* AppDelegate.swift */; };
		ED9F09B8289F13D400672027 /* SceneDelegate.swift in Sources */ = {isa = PBXBuildFile; fileRef = ED9F09B7289F13D400672027 /* SceneDelegate.swift */; };
		ED9F09BA289F13D400672027 /* ViewController.swift in Sources */ = {isa = PBXBuildFile; fileRef = ED9F09B9289F13D400672027 /* ViewController.swift */; };
		ED9F09BD289F13D400672027 /* Main.storyboard in Resources */ = {isa = PBXBuildFile; fileRef = ED9F09BB289F13D400672027 /* Main.storyboard */; };
		ED9F09C0289F13D400672027 /* BudgetPlanning.xcdatamodeld in Sources */ = {isa = PBXBuildFile; fileRef = ED9F09BE289F13D400672027 /* BudgetPlanning.xcdatamodeld */; };
		ED9F09C2289F13DE00672027 /* Assets.xcassets in Resources */ = {isa = PBXBuildFile; fileRef = ED9F09C1289F13DE00672027 /* Assets.xcassets */; };
		ED9F09C5289F13DE00672027 /* LaunchScreen.storyboard in Resources */ = {isa = PBXBuildFile; fileRef = ED9F09C3289F13DE00672027 /* LaunchScreen.storyboard */; };
		ED9F09D0289F13DF00672027 /* BudgetPlanningTests.swift in Sources */ = {isa = PBXBuildFile; fileRef = ED9F09CF289F13DF00672027 /* BudgetPlanningTests.swift */; };
		ED9F09DA289F13E000672027 /* BudgetPlanningUITests.swift in Sources */ = {isa = PBXBuildFile; fileRef = ED9F09D9289F13E000672027 /* BudgetPlanningUITests.swift */; };
		ED9F09DC289F13E000672027 /* BudgetPlanningUITestsLaunchTests.swift in Sources */ = {isa = PBXBuildFile; fileRef = ED9F09DB289F13E000672027 /* BudgetPlanningUITestsLaunchTests.swift */; };
		EDA61E2728D782FC00D60224 /* DayNumCell.swift in Sources */ = {isa = PBXBuildFile; fileRef = EDA61E2528D782FC00D60224 /* DayNumCell.swift */; };
		EDA61E2828D782FC00D60224 /* DayNumCell.xib in Resources */ = {isa = PBXBuildFile; fileRef = EDA61E2628D782FC00D60224 /* DayNumCell.xib */; };
		EDA61E2B28D7879700D60224 /* PaymentsCell.swift in Sources */ = {isa = PBXBuildFile; fileRef = EDA61E2928D7879700D60224 /* PaymentsCell.swift */; };
		EDA61E2C28D7879700D60224 /* PaymentsCell.xib in Resources */ = {isa = PBXBuildFile; fileRef = EDA61E2A28D7879700D60224 /* PaymentsCell.xib */; };
		EDA61E2E28D7986A00D60224 /* MonthGoalVC+Collection.swift in Sources */ = {isa = PBXBuildFile; fileRef = EDA61E2D28D7986A00D60224 /* MonthGoalVC+Collection.swift */; };
		EDA61E3028D7989900D60224 /* MonthGoalVC+Delegate.swift in Sources */ = {isa = PBXBuildFile; fileRef = EDA61E2F28D7989900D60224 /* MonthGoalVC+Delegate.swift */; };
		EDA8EFA42934CDAB0085D2F2 /* HeadView.swift in Sources */ = {isa = PBXBuildFile; fileRef = EDA8EFA32934CDAA0085D2F2 /* HeadView.swift */; };
		EDA8EFA62934CE430085D2F2 /* HeadView.xib in Resources */ = {isa = PBXBuildFile; fileRef = EDA8EFA52934CE430085D2F2 /* HeadView.xib */; };
		EDBC8FB528E79C1A000BB85E /* AboutUsVC.swift in Sources */ = {isa = PBXBuildFile; fileRef = EDBC8FB028E79C1A000BB85E /* AboutUsVC.swift */; };
		EDBC8FB628E79C1A000BB85E /* AboutUsVC+Delegation.swift in Sources */ = {isa = PBXBuildFile; fileRef = EDBC8FB128E79C1A000BB85E /* AboutUsVC+Delegation.swift */; };
		EDBC8FB728E79C1A000BB85E /* AboutUsVC.xib in Resources */ = {isa = PBXBuildFile; fileRef = EDBC8FB228E79C1A000BB85E /* AboutUsVC.xib */; };
		EDBC8FB828E79C1A000BB85E /* AboutUsVM.swift in Sources */ = {isa = PBXBuildFile; fileRef = EDBC8FB428E79C1A000BB85E /* AboutUsVM.swift */; };
		EDBC8FBC28E7ADA1000BB85E /* AboutUsVc.swift in Sources */ = {isa = PBXBuildFile; fileRef = EDBC8FBA28E7ADA1000BB85E /* AboutUsVc.swift */; };
		EDBC8FBD28E7ADA1000BB85E /* AboutUsVc.xib in Resources */ = {isa = PBXBuildFile; fileRef = EDBC8FBB28E7ADA1000BB85E /* AboutUsVc.xib */; };
		EDD0837728EAF825005B899F /* GaugeView.swift in Sources */ = {isa = PBXBuildFile; fileRef = EDD0837628EAF825005B899F /* GaugeView.swift */; };
		EDE1887128AD159B004D0316 /* OrderDetailsVC.swift in Sources */ = {isa = PBXBuildFile; fileRef = EDE1886F28AD159B004D0316 /* OrderDetailsVC.swift */; };
		EDE1887228AD159B004D0316 /* OrderDetailsVC.xib in Resources */ = {isa = PBXBuildFile; fileRef = EDE1887028AD159B004D0316 /* OrderDetailsVC.xib */; };
/* End PBXBuildFile section */

/* Begin PBXContainerItemProxy section */
		ED9F09CC289F13DF00672027 /* PBXContainerItemProxy */ = {
			isa = PBXContainerItemProxy;
			containerPortal = ED9F09AA289F13D400672027 /* Project object */;
			proxyType = 1;
			remoteGlobalIDString = ED9F09B1289F13D400672027;
			remoteInfo = BudgetPlanning;
		};
		ED9F09D6289F13E000672027 /* PBXContainerItemProxy */ = {
			isa = PBXContainerItemProxy;
			containerPortal = ED9F09AA289F13D400672027 /* Project object */;
			proxyType = 1;
			remoteGlobalIDString = ED9F09B1289F13D400672027;
			remoteInfo = BudgetPlanning;
		};
/* End PBXContainerItemProxy section */

/* Begin PBXFileReference section */
		298501F10F1C91ACB780648D /* Pods-BudgetPlanningTests.debug.xcconfig */ = {isa = PBXFileReference; includeInIndex = 1; lastKnownFileType = text.xcconfig; name = "Pods-BudgetPlanningTests.debug.xcconfig"; path = "Target Support Files/Pods-BudgetPlanningTests/Pods-BudgetPlanningTests.debug.xcconfig"; sourceTree = "<group>"; };
		34D9DC591BB24D163A47973D /* Pods-BudgetPlanning-BudgetPlanningUITests.debug.xcconfig */ = {isa = PBXFileReference; includeInIndex = 1; lastKnownFileType = text.xcconfig; name = "Pods-BudgetPlanning-BudgetPlanningUITests.debug.xcconfig"; path = "Target Support Files/Pods-BudgetPlanning-BudgetPlanningUITests/Pods-BudgetPlanning-BudgetPlanningUITests.debug.xcconfig"; sourceTree = "<group>"; };
		43E036EC77982EFA1852B1F2 /* Pods-BudgetPlanning-BudgetPlanningUITests.release.xcconfig */ = {isa = PBXFileReference; includeInIndex = 1; lastKnownFileType = text.xcconfig; name = "Pods-BudgetPlanning-BudgetPlanningUITests.release.xcconfig"; path = "Target Support Files/Pods-BudgetPlanning-BudgetPlanningUITests/Pods-BudgetPlanning-BudgetPlanningUITests.release.xcconfig"; sourceTree = "<group>"; };
		4975A661671726AF71FE99E2 /* Pods-BudgetPlanning.debug.xcconfig */ = {isa = PBXFileReference; includeInIndex = 1; lastKnownFileType = text.xcconfig; name = "Pods-BudgetPlanning.debug.xcconfig"; path = "Target Support Files/Pods-BudgetPlanning/Pods-BudgetPlanning.debug.xcconfig"; sourceTree = "<group>"; };
		5731EF67DAF826BEC4E6D970 /* Pods-BudgetPlanning.release.xcconfig */ = {isa = PBXFileReference; includeInIndex = 1; lastKnownFileType = text.xcconfig; name = "Pods-BudgetPlanning.release.xcconfig"; path = "Target Support Files/Pods-BudgetPlanning/Pods-BudgetPlanning.release.xcconfig"; sourceTree = "<group>"; };
		8DC5B369780F518115B69992 /* Pods-BudgetPlanningTests.release.xcconfig */ = {isa = PBXFileReference; includeInIndex = 1; lastKnownFileType = text.xcconfig; name = "Pods-BudgetPlanningTests.release.xcconfig"; path = "Target Support Files/Pods-BudgetPlanningTests/Pods-BudgetPlanningTests.release.xcconfig"; sourceTree = "<group>"; };
		9E8A4B84966A297E9F5685D5 /* Pods_BudgetPlanning_BudgetPlanningUITests.framework */ = {isa = PBXFileReference; explicitFileType = wrapper.framework; includeInIndex = 0; path = Pods_BudgetPlanning_BudgetPlanningUITests.framework; sourceTree = BUILT_PRODUCTS_DIR; };
		A6B0217F968D084E6F713B75 /* Pods_BudgetPlanningTests.framework */ = {isa = PBXFileReference; explicitFileType = wrapper.framework; includeInIndex = 0; path = Pods_BudgetPlanningTests.framework; sourceTree = BUILT_PRODUCTS_DIR; };
		DCD038FCF8082D8B2E6C7EBE /* Pods_BudgetPlanning.framework */ = {isa = PBXFileReference; explicitFileType = wrapper.framework; includeInIndex = 0; path = Pods_BudgetPlanning.framework; sourceTree = BUILT_PRODUCTS_DIR; };
		ED02F65928A0573F003032D7 /* CustomTabbar.swift */ = {isa = PBXFileReference; fileEncoding = 4; lastKnownFileType = sourcecode.swift; path = CustomTabbar.swift; sourceTree = "<group>"; };
		ED02F65B28A065E3003032D7 /* AppTabBar.swift */ = {isa = PBXFileReference; lastKnownFileType = sourcecode.swift; path = AppTabBar.swift; sourceTree = "<group>"; };
		ED02F65D28A0674A003032D7 /* Reload.swift */ = {isa = PBXFileReference; fileEncoding = 4; lastKnownFileType = sourcecode.swift; path = Reload.swift; sourceTree = "<group>"; };
		ED0940FA28D52241008180D2 /* CircularProgressView.swift */ = {isa = PBXFileReference; fileEncoding = 4; lastKnownFileType = sourcecode.swift; path = CircularProgressView.swift; sourceTree = "<group>"; };
		ED0940FE28D523EC008180D2 /* MonthGoalVC.swift */ = {isa = PBXFileReference; lastKnownFileType = sourcecode.swift; path = MonthGoalVC.swift; sourceTree = "<group>"; };
		ED0940FF28D523EC008180D2 /* MonthGoalVC.xib */ = {isa = PBXFileReference; lastKnownFileType = file.xib; path = MonthGoalVC.xib; sourceTree = "<group>"; };
		ED0A48A628A5612E00E29E5D /* CustomizedTabBar.swift */ = {isa = PBXFileReference; lastKnownFileType = sourcecode.swift; path = CustomizedTabBar.swift; sourceTree = "<group>"; };
		ED1EC5C728D5DEB9001F63A8 /* ArcView.swift */ = {isa = PBXFileReference; lastKnownFileType = sourcecode.swift; path = ArcView.swift; sourceTree = "<group>"; };
		ED2574B228A1518300FEC730 /* AboutMyBudgetVC.swift */ = {isa = PBXFileReference; lastKnownFileType = sourcecode.swift; path = AboutMyBudgetVC.swift; sourceTree = "<group>"; };
		ED4F0D5E28DF9EDE00F9359E /* PrecentageCell.swift */ = {isa = PBXFileReference; lastKnownFileType = sourcecode.swift; path = PrecentageCell.swift; sourceTree = "<group>"; };
		ED4F0D5F28DF9EDE00F9359E /* PrecentageCell.xib */ = {isa = PBXFileReference; lastKnownFileType = file.xib; path = PrecentageCell.xib; sourceTree = "<group>"; };
		ED4F0D6228DFAC6F00F9359E /* SelfSizingCollectionView.swift */ = {isa = PBXFileReference; lastKnownFileType = sourcecode.swift; path = SelfSizingCollectionView.swift; sourceTree = "<group>"; };
		ED4F0D6428DFAEBA00F9359E /* AboutMyBudget+Collection.swift */ = {isa = PBXFileReference; lastKnownFileType = sourcecode.swift; path = "AboutMyBudget+Collection.swift"; sourceTree = "<group>"; };
		ED4F0D6628DFAECD00F9359E /* AboutMyBudgetVC+Delegation.swift */ = {isa = PBXFileReference; lastKnownFileType = sourcecode.swift; path = "AboutMyBudgetVC+Delegation.swift"; sourceTree = "<group>"; };
		ED57417D28A257BD00969658 /* HomeVC.swift */ = {isa = PBXFileReference; lastKnownFileType = sourcecode.swift; path = HomeVC.swift; sourceTree = "<group>"; };
		ED57417E28A257BD00969658 /* HomeVC.xib */ = {isa = PBXFileReference; lastKnownFileType = file.xib; path = HomeVC.xib; sourceTree = "<group>"; };
		ED57418128A258D100969658 /* FuturePurchasesCell.swift */ = {isa = PBXFileReference; lastKnownFileType = sourcecode.swift; path = FuturePurchasesCell.swift; sourceTree = "<group>"; };
		ED57418228A258D100969658 /* FuturePurchasesCell.xib */ = {isa = PBXFileReference; lastKnownFileType = file.xib; path = FuturePurchasesCell.xib; sourceTree = "<group>"; };
		ED57418628A29B9200969658 /* SecondProgressBar.swift */ = {isa = PBXFileReference; fileEncoding = 4; lastKnownFileType = sourcecode.swift; path = SecondProgressBar.swift; sourceTree = "<group>"; };
		ED57418728A29B9200969658 /* SecondProgressBar.xib */ = {isa = PBXFileReference; fileEncoding = 4; lastKnownFileType = file.xib; path = SecondProgressBar.xib; sourceTree = "<group>"; };
		ED57418F28A29EDF00969658 /* Label_Ext.swift */ = {isa = PBXFileReference; fileEncoding = 4; lastKnownFileType = sourcecode.swift; path = Label_Ext.swift; sourceTree = "<group>"; };
		ED57419028A29EDF00969658 /* Btn_Ext.swift */ = {isa = PBXFileReference; fileEncoding = 4; lastKnownFileType = sourcecode.swift; path = Btn_Ext.swift; sourceTree = "<group>"; };
		ED58E98D28A4DB4000E65EE7 /* TabbarController.swift */ = {isa = PBXFileReference; lastKnownFileType = sourcecode.swift; path = TabbarController.swift; sourceTree = "<group>"; };
		ED58E99B28A4F9CE00E65EE7 /* AboutMyBudgetVC.xib */ = {isa = PBXFileReference; lastKnownFileType = file.xib; path = AboutMyBudgetVC.xib; sourceTree = "<group>"; };
		ED725F4328A59662007FA711 /* UIViewX.swift */ = {isa = PBXFileReference; fileEncoding = 4; lastKnownFileType = sourcecode.swift; path = UIViewX.swift; sourceTree = "<group>"; };
		ED8B0EE328A101FB0093A429 /* UIViewController+AdditionalFeatures.swift */ = {isa = PBXFileReference; fileEncoding = 4; lastKnownFileType = sourcecode.swift; path = "UIViewController+AdditionalFeatures.swift"; sourceTree = "<group>"; };
		ED8B0EE428A101FC0093A429 /* UIView+AdditionalFeatures.swift */ = {isa = PBXFileReference; fileEncoding = 4; lastKnownFileType = sourcecode.swift; path = "UIView+AdditionalFeatures.swift"; sourceTree = "<group>"; };
		ED9119EF28E76F5A00EC4C12 /* SideMenuVC.swift */ = {isa = PBXFileReference; lastKnownFileType = sourcecode.swift; path = SideMenuVC.swift; sourceTree = "<group>"; };
		ED9119F028E76F5A00EC4C12 /* SideMenuVC.xib */ = {isa = PBXFileReference; lastKnownFileType = file.xib; path = SideMenuVC.xib; sourceTree = "<group>"; };
		ED9119F328E772C500EC4C12 /* SideMenuCell.swift */ = {isa = PBXFileReference; lastKnownFileType = sourcecode.swift; path = SideMenuCell.swift; sourceTree = "<group>"; };
		ED9119F428E772C500EC4C12 /* SideMenuCell.xib */ = {isa = PBXFileReference; lastKnownFileType = file.xib; path = SideMenuCell.xib; sourceTree = "<group>"; };
		ED9119F728E7773000EC4C12 /* UIVC_Blur_Ext.swift */ = {isa = PBXFileReference; fileEncoding = 4; lastKnownFileType = sourcecode.swift; path = UIVC_Blur_Ext.swift; sourceTree = "<group>"; };
		ED9119F928E790FB00EC4C12 /* SideMenuVC+Collection.swift */ = {isa = PBXFileReference; lastKnownFileType = sourcecode.swift; path = "SideMenuVC+Collection.swift"; sourceTree = "<group>"; };
		ED9119FB28E7914C00EC4C12 /* SideMenuVC+Delegation.swift */ = {isa = PBXFileReference; lastKnownFileType = sourcecode.swift; path = "SideMenuVC+Delegation.swift"; sourceTree = "<group>"; };
		ED94735628A444EC00BA10DD /* HomeVC+Collection.swift */ = {isa = PBXFileReference; lastKnownFileType = sourcecode.swift; path = "HomeVC+Collection.swift"; sourceTree = "<group>"; };
		ED94735828A4450000BA10DD /* HomeVC+Delegation.swift */ = {isa = PBXFileReference; lastKnownFileType = sourcecode.swift; path = "HomeVC+Delegation.swift"; sourceTree = "<group>"; };
		ED9A4CFD29600CBB00B0BEC2 /* Podfile */ = {isa = PBXFileReference; lastKnownFileType = text; path = Podfile; sourceTree = "<group>"; xcLanguageSpecificationIdentifier = xcode.lang.ruby; };
		ED9C5DAA28EA1062003BCD60 /* SpeedometerView.swift */ = {isa = PBXFileReference; fileEncoding = 4; lastKnownFileType = sourcecode.swift; path = SpeedometerView.swift; sourceTree = "<group>"; };
		ED9C5DAE28EA116E003BCD60 /* SpeedoMeterVC.swift */ = {isa = PBXFileReference; lastKnownFileType = sourcecode.swift; path = SpeedoMeterVC.swift; sourceTree = "<group>"; };
		ED9C5DAF28EA116E003BCD60 /* SpeedoMeterVC.xib */ = {isa = PBXFileReference; lastKnownFileType = file.xib; path = SpeedoMeterVC.xib; sourceTree = "<group>"; };
		ED9F09B2289F13D400672027 /* BudgetPlanning.app */ = {isa = PBXFileReference; explicitFileType = wrapper.application; includeInIndex = 0; path = BudgetPlanning.app; sourceTree = BUILT_PRODUCTS_DIR; };
		ED9F09B5289F13D400672027 /* AppDelegate.swift */ = {isa = PBXFileReference; lastKnownFileType = sourcecode.swift; path = AppDelegate.swift; sourceTree = "<group>"; };
		ED9F09B7289F13D400672027 /* SceneDelegate.swift */ = {isa = PBXFileReference; lastKnownFileType = sourcecode.swift; path = SceneDelegate.swift; sourceTree = "<group>"; };
		ED9F09B9289F13D400672027 /* ViewController.swift */ = {isa = PBXFileReference; lastKnownFileType = sourcecode.swift; path = ViewController.swift; sourceTree = "<group>"; };
		ED9F09BC289F13D400672027 /* Base */ = {isa = PBXFileReference; lastKnownFileType = file.storyboard; name = Base; path = Base.lproj/Main.storyboard; sourceTree = "<group>"; };
		ED9F09BF289F13D400672027 /* BudgetPlanning.xcdatamodel */ = {isa = PBXFileReference; lastKnownFileType = wrapper.xcdatamodel; path = BudgetPlanning.xcdatamodel; sourceTree = "<group>"; };
		ED9F09C1289F13DE00672027 /* Assets.xcassets */ = {isa = PBXFileReference; lastKnownFileType = folder.assetcatalog; path = Assets.xcassets; sourceTree = "<group>"; };
		ED9F09C4289F13DE00672027 /* Base */ = {isa = PBXFileReference; lastKnownFileType = file.storyboard; name = Base; path = Base.lproj/LaunchScreen.storyboard; sourceTree = "<group>"; };
		ED9F09C6289F13DE00672027 /* Info.plist */ = {isa = PBXFileReference; lastKnownFileType = text.plist.xml; path = Info.plist; sourceTree = "<group>"; };
		ED9F09CB289F13DF00672027 /* BudgetPlanningTests.xctest */ = {isa = PBXFileReference; explicitFileType = wrapper.cfbundle; includeInIndex = 0; path = BudgetPlanningTests.xctest; sourceTree = BUILT_PRODUCTS_DIR; };
		ED9F09CF289F13DF00672027 /* BudgetPlanningTests.swift */ = {isa = PBXFileReference; lastKnownFileType = sourcecode.swift; path = BudgetPlanningTests.swift; sourceTree = "<group>"; };
		ED9F09D5289F13E000672027 /* BudgetPlanningUITests.xctest */ = {isa = PBXFileReference; explicitFileType = wrapper.cfbundle; includeInIndex = 0; path = BudgetPlanningUITests.xctest; sourceTree = BUILT_PRODUCTS_DIR; };
		ED9F09D9289F13E000672027 /* BudgetPlanningUITests.swift */ = {isa = PBXFileReference; lastKnownFileType = sourcecode.swift; path = BudgetPlanningUITests.swift; sourceTree = "<group>"; };
		ED9F09DB289F13E000672027 /* BudgetPlanningUITestsLaunchTests.swift */ = {isa = PBXFileReference; lastKnownFileType = sourcecode.swift; path = BudgetPlanningUITestsLaunchTests.swift; sourceTree = "<group>"; };
		EDA61E2528D782FC00D60224 /* DayNumCell.swift */ = {isa = PBXFileReference; lastKnownFileType = sourcecode.swift; path = DayNumCell.swift; sourceTree = "<group>"; };
		EDA61E2628D782FC00D60224 /* DayNumCell.xib */ = {isa = PBXFileReference; lastKnownFileType = file.xib; path = DayNumCell.xib; sourceTree = "<group>"; };
		EDA61E2928D7879700D60224 /* PaymentsCell.swift */ = {isa = PBXFileReference; lastKnownFileType = sourcecode.swift; path = PaymentsCell.swift; sourceTree = "<group>"; };
		EDA61E2A28D7879700D60224 /* PaymentsCell.xib */ = {isa = PBXFileReference; lastKnownFileType = file.xib; path = PaymentsCell.xib; sourceTree = "<group>"; };
		EDA61E2D28D7986A00D60224 /* MonthGoalVC+Collection.swift */ = {isa = PBXFileReference; lastKnownFileType = sourcecode.swift; path = "MonthGoalVC+Collection.swift"; sourceTree = "<group>"; };
		EDA61E2F28D7989900D60224 /* MonthGoalVC+Delegate.swift */ = {isa = PBXFileReference; lastKnownFileType = sourcecode.swift; path = "MonthGoalVC+Delegate.swift"; sourceTree = "<group>"; };
		EDA8EFA32934CDAA0085D2F2 /* HeadView.swift */ = {isa = PBXFileReference; lastKnownFileType = sourcecode.swift; path = HeadView.swift; sourceTree = "<group>"; };
		EDA8EFA52934CE430085D2F2 /* HeadView.xib */ = {isa = PBXFileReference; lastKnownFileType = file.xib; path = HeadView.xib; sourceTree = "<group>"; };
		EDBC8FB028E79C1A000BB85E /* AboutUsVC.swift */ = {isa = PBXFileReference; fileEncoding = 4; lastKnownFileType = sourcecode.swift; path = AboutUsVC.swift; sourceTree = "<group>"; };
		EDBC8FB128E79C1A000BB85E /* AboutUsVC+Delegation.swift */ = {isa = PBXFileReference; fileEncoding = 4; lastKnownFileType = sourcecode.swift; path = "AboutUsVC+Delegation.swift"; sourceTree = "<group>"; };
		EDBC8FB228E79C1A000BB85E /* AboutUsVC.xib */ = {isa = PBXFileReference; fileEncoding = 4; lastKnownFileType = file.xib; path = AboutUsVC.xib; sourceTree = "<group>"; };
		EDBC8FB428E79C1A000BB85E /* AboutUsVM.swift */ = {isa = PBXFileReference; fileEncoding = 4; lastKnownFileType = sourcecode.swift; path = AboutUsVM.swift; sourceTree = "<group>"; };
		EDBC8FBA28E7ADA1000BB85E /* AboutUsVc.swift */ = {isa = PBXFileReference; lastKnownFileType = sourcecode.swift; path = AboutUsVc.swift; sourceTree = "<group>"; };
		EDBC8FBB28E7ADA1000BB85E /* AboutUsVc.xib */ = {isa = PBXFileReference; lastKnownFileType = file.xib; path = AboutUsVc.xib; sourceTree = "<group>"; };
		EDD0837628EAF825005B899F /* GaugeView.swift */ = {isa = PBXFileReference; lastKnownFileType = sourcecode.swift; path = GaugeView.swift; sourceTree = "<group>"; };
		EDE1886F28AD159B004D0316 /* OrderDetailsVC.swift */ = {isa = PBXFileReference; fileEncoding = 4; lastKnownFileType = sourcecode.swift; path = OrderDetailsVC.swift; sourceTree = "<group>"; };
		EDE1887028AD159B004D0316 /* OrderDetailsVC.xib */ = {isa = PBXFileReference; fileEncoding = 4; lastKnownFileType = file.xib; path = OrderDetailsVC.xib; sourceTree = "<group>"; };
/* End PBXFileReference section */

/* Begin PBXFrameworksBuildPhase section */
		ED9F09AF289F13D400672027 /* Frameworks */ = {
			isa = PBXFrameworksBuildPhase;
			buildActionMask = 2147483647;
			files = (
				6895C980E6F0F643B20F1583 /* Pods_BudgetPlanning.framework in Frameworks */,
			);
			runOnlyForDeploymentPostprocessing = 0;
		};
		ED9F09C8289F13DF00672027 /* Frameworks */ = {
			isa = PBXFrameworksBuildPhase;
			buildActionMask = 2147483647;
			files = (
				3623A0F2DBBE8035579DCB8C /* Pods_BudgetPlanningTests.framework in Frameworks */,
			);
			runOnlyForDeploymentPostprocessing = 0;
		};
		ED9F09D2289F13DF00672027 /* Frameworks */ = {
			isa = PBXFrameworksBuildPhase;
			buildActionMask = 2147483647;
			files = (
				ED323C6B1595DAFF5C4868E5 /* Pods_BudgetPlanning_BudgetPlanningUITests.framework in Frameworks */,
			);
			runOnlyForDeploymentPostprocessing = 0;
		};
/* End PBXFrameworksBuildPhase section */

/* Begin PBXGroup section */
		BFF44C9F17D3056579FAE30A /* Pods */ = {
			isa = PBXGroup;
			children = (
				4975A661671726AF71FE99E2 /* Pods-BudgetPlanning.debug.xcconfig */,
				5731EF67DAF826BEC4E6D970 /* Pods-BudgetPlanning.release.xcconfig */,
				34D9DC591BB24D163A47973D /* Pods-BudgetPlanning-BudgetPlanningUITests.debug.xcconfig */,
				43E036EC77982EFA1852B1F2 /* Pods-BudgetPlanning-BudgetPlanningUITests.release.xcconfig */,
				298501F10F1C91ACB780648D /* Pods-BudgetPlanningTests.debug.xcconfig */,
				8DC5B369780F518115B69992 /* Pods-BudgetPlanningTests.release.xcconfig */,
			);
			path = Pods;
			sourceTree = "<group>";
		};
		C81EE2CF1098940CAE5670C3 /* Frameworks */ = {
			isa = PBXGroup;
			children = (
				DCD038FCF8082D8B2E6C7EBE /* Pods_BudgetPlanning.framework */,
				9E8A4B84966A297E9F5685D5 /* Pods_BudgetPlanning_BudgetPlanningUITests.framework */,
				A6B0217F968D084E6F713B75 /* Pods_BudgetPlanningTests.framework */,
			);
			name = Frameworks;
			sourceTree = "<group>";
		};
		ED4F0D5C28DF9E1C00F9359E /* AboutMyBudget */ = {
			isa = PBXGroup;
			children = (
				ED2574B228A1518300FEC730 /* AboutMyBudgetVC.swift */,
				ED58E99B28A4F9CE00E65EE7 /* AboutMyBudgetVC.xib */,
				ED4F0D6428DFAEBA00F9359E /* AboutMyBudget+Collection.swift */,
				ED4F0D6628DFAECD00F9359E /* AboutMyBudgetVC+Delegation.swift */,
				ED4F0D6228DFAC6F00F9359E /* SelfSizingCollectionView.swift */,
				ED4F0D5D28DF9E6B00F9359E /* Cells */,
			);
			path = AboutMyBudget;
			sourceTree = "<group>";
		};
		ED4F0D5D28DF9E6B00F9359E /* Cells */ = {
			isa = PBXGroup;
			children = (
				ED4F0D5E28DF9EDE00F9359E /* PrecentageCell.swift */,
				ED4F0D5F28DF9EDE00F9359E /* PrecentageCell.xib */,
			);
			path = Cells;
			sourceTree = "<group>";
		};
		ED57417A28A2575D00969658 /* HomeVC */ = {
			isa = PBXGroup;
			children = (
				ED57417D28A257BD00969658 /* HomeVC.swift */,
				ED57417E28A257BD00969658 /* HomeVC.xib */,
				ED57418128A258D100969658 /* FuturePurchasesCell.swift */,
				ED57418228A258D100969658 /* FuturePurchasesCell.xib */,
				ED94735628A444EC00BA10DD /* HomeVC+Collection.swift */,
				ED94735828A4450000BA10DD /* HomeVC+Delegation.swift */,
			);
			path = HomeVC;
			sourceTree = "<group>";
		};
		ED57418528A29B9200969658 /* ProgressBar2 */ = {
			isa = PBXGroup;
			children = (
				ED0940FA28D52241008180D2 /* CircularProgressView.swift */,
				ED57418628A29B9200969658 /* SecondProgressBar.swift */,
				ED57418728A29B9200969658 /* SecondProgressBar.xib */,
				EDD0837628EAF825005B899F /* GaugeView.swift */,
			);
			path = ProgressBar2;
			sourceTree = "<group>";
		};
		ED57418A28A29B9700969658 /* Scenes */ = {
			isa = PBXGroup;
			children = (
				EDBC8FB928E7AD3B000BB85E /* AboutUsVC */,
				EDBC8FAE28E79C1A000BB85E /* AboutUsScreen */,
				ED9119EE28E76EFD00EC4C12 /* SideMenuVC */,
				ED4F0D5C28DF9E1C00F9359E /* AboutMyBudget */,
				EDA61E2128D7826500D60224 /* MonthGoalVC */,
				EDE1886E28AD159B004D0316 /* OrderDetailsVC */,
				ED9F09B9289F13D400672027 /* ViewController.swift */,
				ED57417A28A2575D00969658 /* HomeVC */,
			);
			path = Scenes;
			sourceTree = "<group>";
		};
		ED57418B28A29BC300969658 /* AppDelegate */ = {
			isa = PBXGroup;
			children = (
				ED9F09B5289F13D400672027 /* AppDelegate.swift */,
				ED9F09B7289F13D400672027 /* SceneDelegate.swift */,
			);
			path = AppDelegate;
			sourceTree = "<group>";
		};
		ED57418E28A29E8F00969658 /* Supporting Files */ = {
			isa = PBXGroup;
			children = (
				ED57419328A29F2600969658 /* TabBar */,
				ED8B0EE428A101FC0093A429 /* UIView+AdditionalFeatures.swift */,
				ED8B0EE328A101FB0093A429 /* UIViewController+AdditionalFeatures.swift */,
				ED9119F728E7773000EC4C12 /* UIVC_Blur_Ext.swift */,
				ED725F4328A59662007FA711 /* UIViewX.swift */,
				ED57418528A29B9200969658 /* ProgressBar2 */,
				ED57419028A29EDF00969658 /* Btn_Ext.swift */,
				ED57418F28A29EDF00969658 /* Label_Ext.swift */,
				ED1EC5C728D5DEB9001F63A8 /* ArcView.swift */,
			);
			path = "Supporting Files";
			sourceTree = "<group>";
		};
		ED57419328A29F2600969658 /* TabBar */ = {
			isa = PBXGroup;
			children = (
				ED02F65928A0573F003032D7 /* CustomTabbar.swift */,
				ED02F65B28A065E3003032D7 /* AppTabBar.swift */,
				ED58E98D28A4DB4000E65EE7 /* TabbarController.swift */,
				ED0A48A628A5612E00E29E5D /* CustomizedTabBar.swift */,
			);
			path = TabBar;
			sourceTree = "<group>";
		};
		ED8B0EE728A1021A0093A429 /* Helper */ = {
			isa = PBXGroup;
			children = (
				ED02F65D28A0674A003032D7 /* Reload.swift */,
			);
			path = Helper;
			sourceTree = "<group>";
		};
		ED9119EE28E76EFD00EC4C12 /* SideMenuVC */ = {
			isa = PBXGroup;
			children = (
				ED9119EF28E76F5A00EC4C12 /* SideMenuVC.swift */,
				ED9119F028E76F5A00EC4C12 /* SideMenuVC.xib */,
				ED9119F328E772C500EC4C12 /* SideMenuCell.swift */,
				ED9119F428E772C500EC4C12 /* SideMenuCell.xib */,
				ED9C5DAA28EA1062003BCD60 /* SpeedometerView.swift */,
				ED9119F928E790FB00EC4C12 /* SideMenuVC+Collection.swift */,
				ED9119FB28E7914C00EC4C12 /* SideMenuVC+Delegation.swift */,
				ED9C5DAE28EA116E003BCD60 /* SpeedoMeterVC.swift */,
				ED9C5DAF28EA116E003BCD60 /* SpeedoMeterVC.xib */,
			);
			path = SideMenuVC;
			sourceTree = "<group>";
		};
		ED9F09A9289F13D400672027 = {
			isa = PBXGroup;
			children = (
				ED9A4CFD29600CBB00B0BEC2 /* Podfile */,
				ED9F09B4289F13D400672027 /* BudgetPlanning */,
				ED9F09CE289F13DF00672027 /* BudgetPlanningTests */,
				ED9F09D8289F13E000672027 /* BudgetPlanningUITests */,
				ED9F09B3289F13D400672027 /* Products */,
				BFF44C9F17D3056579FAE30A /* Pods */,
				C81EE2CF1098940CAE5670C3 /* Frameworks */,
			);
			sourceTree = "<group>";
		};
		ED9F09B3289F13D400672027 /* Products */ = {
			isa = PBXGroup;
			children = (
				ED9F09B2289F13D400672027 /* BudgetPlanning.app */,
				ED9F09CB289F13DF00672027 /* BudgetPlanningTests.xctest */,
				ED9F09D5289F13E000672027 /* BudgetPlanningUITests.xctest */,
			);
			name = Products;
			sourceTree = "<group>";
		};
		ED9F09B4289F13D400672027 /* BudgetPlanning */ = {
			isa = PBXGroup;
			children = (
				EDA8EFA22934CCBB0085D2F2 /* HeadView */,
				ED57418E28A29E8F00969658 /* Supporting Files */,
				ED57418B28A29BC300969658 /* AppDelegate */,
				ED57418A28A29B9700969658 /* Scenes */,
				ED8B0EE728A1021A0093A429 /* Helper */,
				ED9F09BB289F13D400672027 /* Main.storyboard */,
				ED9F09C1289F13DE00672027 /* Assets.xcassets */,
				ED9F09C3289F13DE00672027 /* LaunchScreen.storyboard */,
				ED9F09C6289F13DE00672027 /* Info.plist */,
				ED9F09BE289F13D400672027 /* BudgetPlanning.xcdatamodeld */,
			);
			path = BudgetPlanning;
			sourceTree = "<group>";
		};
		ED9F09CE289F13DF00672027 /* BudgetPlanningTests */ = {
			isa = PBXGroup;
			children = (
				ED9F09CF289F13DF00672027 /* BudgetPlanningTests.swift */,
			);
			path = BudgetPlanningTests;
			sourceTree = "<group>";
		};
		ED9F09D8289F13E000672027 /* BudgetPlanningUITests */ = {
			isa = PBXGroup;
			children = (
				ED9F09D9289F13E000672027 /* BudgetPlanningUITests.swift */,
				ED9F09DB289F13E000672027 /* BudgetPlanningUITestsLaunchTests.swift */,
			);
			path = BudgetPlanningUITests;
			sourceTree = "<group>";
		};
		EDA61E2128D7826500D60224 /* MonthGoalVC */ = {
			isa = PBXGroup;
			children = (
				ED0940FE28D523EC008180D2 /* MonthGoalVC.swift */,
				ED0940FF28D523EC008180D2 /* MonthGoalVC.xib */,
				EDA61E2428D782D100D60224 /* Cells */,
				EDA61E2D28D7986A00D60224 /* MonthGoalVC+Collection.swift */,
				EDA61E2F28D7989900D60224 /* MonthGoalVC+Delegate.swift */,
			);
			path = MonthGoalVC;
			sourceTree = "<group>";
		};
		EDA61E2428D782D100D60224 /* Cells */ = {
			isa = PBXGroup;
			children = (
				EDA61E2528D782FC00D60224 /* DayNumCell.swift */,
				EDA61E2628D782FC00D60224 /* DayNumCell.xib */,
				EDA61E2928D7879700D60224 /* PaymentsCell.swift */,
				EDA61E2A28D7879700D60224 /* PaymentsCell.xib */,
			);
			path = Cells;
			sourceTree = "<group>";
		};
		EDA8EFA22934CCBB0085D2F2 /* HeadView */ = {
			isa = PBXGroup;
			children = (
				EDA8EFA32934CDAA0085D2F2 /* HeadView.swift */,
				EDA8EFA52934CE430085D2F2 /* HeadView.xib */,
			);
			path = HeadView;
			sourceTree = "<group>";
		};
		EDBC8FAE28E79C1A000BB85E /* AboutUsScreen */ = {
			isa = PBXGroup;
			children = (
				EDBC8FAF28E79C1A000BB85E /* AboutUsVC */,
				EDBC8FB328E79C1A000BB85E /* AboutUsVM */,
			);
			path = AboutUsScreen;
			sourceTree = "<group>";
		};
		EDBC8FAF28E79C1A000BB85E /* AboutUsVC */ = {
			isa = PBXGroup;
			children = (
				EDBC8FB028E79C1A000BB85E /* AboutUsVC.swift */,
				EDBC8FB128E79C1A000BB85E /* AboutUsVC+Delegation.swift */,
				EDBC8FB228E79C1A000BB85E /* AboutUsVC.xib */,
			);
			path = AboutUsVC;
			sourceTree = "<group>";
		};
		EDBC8FB328E79C1A000BB85E /* AboutUsVM */ = {
			isa = PBXGroup;
			children = (
				EDBC8FB428E79C1A000BB85E /* AboutUsVM.swift */,
			);
			path = AboutUsVM;
			sourceTree = "<group>";
		};
		EDBC8FB928E7AD3B000BB85E /* AboutUsVC */ = {
			isa = PBXGroup;
			children = (
				EDBC8FBA28E7ADA1000BB85E /* AboutUsVc.swift */,
				EDBC8FBB28E7ADA1000BB85E /* AboutUsVc.xib */,
			);
			path = AboutUsVC;
			sourceTree = "<group>";
		};
		EDE1886E28AD159B004D0316 /* OrderDetailsVC */ = {
			isa = PBXGroup;
			children = (
				EDE1886F28AD159B004D0316 /* OrderDetailsVC.swift */,
				EDE1887028AD159B004D0316 /* OrderDetailsVC.xib */,
			);
			path = OrderDetailsVC;
			sourceTree = "<group>";
		};
/* End PBXGroup section */

/* Begin PBXNativeTarget section */
		ED9F09B1289F13D400672027 /* BudgetPlanning */ = {
			isa = PBXNativeTarget;
			buildConfigurationList = ED9F09DF289F13E000672027 /* Build configuration list for PBXNativeTarget "BudgetPlanning" */;
			buildPhases = (
				B5D684994E7522A4D698C033 /* [CP] Check Pods Manifest.lock */,
				ED9F09AE289F13D400672027 /* Sources */,
				ED9F09AF289F13D400672027 /* Frameworks */,
				ED9F09B0289F13D400672027 /* Resources */,
				7DF9758B8A99914CDBD9C4A1 /* [CP] Embed Pods Frameworks */,
			);
			buildRules = (
			);
			dependencies = (
			);
			name = BudgetPlanning;
			productName = BudgetPlanning;
			productReference = ED9F09B2289F13D400672027 /* BudgetPlanning.app */;
			productType = "com.apple.product-type.application";
		};
		ED9F09CA289F13DF00672027 /* BudgetPlanningTests */ = {
			isa = PBXNativeTarget;
			buildConfigurationList = ED9F09E2289F13E000672027 /* Build configuration list for PBXNativeTarget "BudgetPlanningTests" */;
			buildPhases = (
				BA5EE5D536054DA1BCF0CD00 /* [CP] Check Pods Manifest.lock */,
				ED9F09C7289F13DF00672027 /* Sources */,
				ED9F09C8289F13DF00672027 /* Frameworks */,
				ED9F09C9289F13DF00672027 /* Resources */,
			);
			buildRules = (
			);
			dependencies = (
				ED9F09CD289F13DF00672027 /* PBXTargetDependency */,
			);
			name = BudgetPlanningTests;
			productName = BudgetPlanningTests;
			productReference = ED9F09CB289F13DF00672027 /* BudgetPlanningTests.xctest */;
			productType = "com.apple.product-type.bundle.unit-test";
		};
		ED9F09D4289F13DF00672027 /* BudgetPlanningUITests */ = {
			isa = PBXNativeTarget;
			buildConfigurationList = ED9F09E5289F13E000672027 /* Build configuration list for PBXNativeTarget "BudgetPlanningUITests" */;
			buildPhases = (
				A25B641FAE78725A6D50042E /* [CP] Check Pods Manifest.lock */,
				ED9F09D1289F13DF00672027 /* Sources */,
				ED9F09D2289F13DF00672027 /* Frameworks */,
				ED9F09D3289F13DF00672027 /* Resources */,
				2BDF382BAC0926D22D17B897 /* [CP] Embed Pods Frameworks */,
			);
			buildRules = (
			);
			dependencies = (
				ED9F09D7289F13E000672027 /* PBXTargetDependency */,
			);
			name = BudgetPlanningUITests;
			productName = BudgetPlanningUITests;
			productReference = ED9F09D5289F13E000672027 /* BudgetPlanningUITests.xctest */;
			productType = "com.apple.product-type.bundle.ui-testing";
		};
/* End PBXNativeTarget section */

/* Begin PBXProject section */
		ED9F09AA289F13D400672027 /* Project object */ = {
			isa = PBXProject;
			attributes = {
				BuildIndependentTargetsInParallel = 1;
				LastSwiftUpdateCheck = 1340;
				LastUpgradeCheck = 1340;
				TargetAttributes = {
					ED9F09B1289F13D400672027 = {
						CreatedOnToolsVersion = 13.4.1;
					};
					ED9F09CA289F13DF00672027 = {
						CreatedOnToolsVersion = 13.4.1;
						TestTargetID = ED9F09B1289F13D400672027;
					};
					ED9F09D4289F13DF00672027 = {
						CreatedOnToolsVersion = 13.4.1;
						TestTargetID = ED9F09B1289F13D400672027;
					};
				};
			};
			buildConfigurationList = ED9F09AD289F13D400672027 /* Build configuration list for PBXProject "BudgetPlanning" */;
			compatibilityVersion = "Xcode 13.0";
			developmentRegion = en;
			hasScannedForEncodings = 0;
			knownRegions = (
				en,
				Base,
			);
			mainGroup = ED9F09A9289F13D400672027;
			productRefGroup = ED9F09B3289F13D400672027 /* Products */;
			projectDirPath = "";
			projectRoot = "";
			targets = (
				ED9F09B1289F13D400672027 /* BudgetPlanning */,
				ED9F09CA289F13DF00672027 /* BudgetPlanningTests */,
				ED9F09D4289F13DF00672027 /* BudgetPlanningUITests */,
			);
		};
/* End PBXProject section */

/* Begin PBXResourcesBuildPhase section */
		ED9F09B0289F13D400672027 /* Resources */ = {
			isa = PBXResourcesBuildPhase;
			buildActionMask = 2147483647;
			files = (
				EDBC8FB728E79C1A000BB85E /* AboutUsVC.xib in Resources */,
				ED57418928A29B9200969658 /* SecondProgressBar.xib in Resources */,
				ED9119F628E772C500EC4C12 /* SideMenuCell.xib in Resources */,
				EDA61E2C28D7879700D60224 /* PaymentsCell.xib in Resources */,
				ED9F09C5289F13DE00672027 /* LaunchScreen.storyboard in Resources */,
				ED57418028A257BD00969658 /* HomeVC.xib in Resources */,
				ED57418428A258D100969658 /* FuturePurchasesCell.xib in Resources */,
				ED9119F228E76F5A00EC4C12 /* SideMenuVC.xib in Resources */,
				ED4F0D6128DF9EDE00F9359E /* PrecentageCell.xib in Resources */,
				ED9A4CFE29600CBB00B0BEC2 /* Podfile in Resources */,
				ED09410128D523EC008180D2 /* MonthGoalVC.xib in Resources */,
				EDA8EFA62934CE430085D2F2 /* HeadView.xib in Resources */,
				EDBC8FBD28E7ADA1000BB85E /* AboutUsVc.xib in Resources */,
				ED9C5DB128EA116E003BCD60 /* SpeedoMeterVC.xib in Resources */,
				ED9F09C2289F13DE00672027 /* Assets.xcassets in Resources */,
				ED58E99C28A4F9CE00E65EE7 /* AboutMyBudgetVC.xib in Resources */,
				EDE1887228AD159B004D0316 /* OrderDetailsVC.xib in Resources */,
				ED9F09BD289F13D400672027 /* Main.storyboard in Resources */,
				EDA61E2828D782FC00D60224 /* DayNumCell.xib in Resources */,
			);
			runOnlyForDeploymentPostprocessing = 0;
		};
		ED9F09C9289F13DF00672027 /* Resources */ = {
			isa = PBXResourcesBuildPhase;
			buildActionMask = 2147483647;
			files = (
			);
			runOnlyForDeploymentPostprocessing = 0;
		};
		ED9F09D3289F13DF00672027 /* Resources */ = {
			isa = PBXResourcesBuildPhase;
			buildActionMask = 2147483647;
			files = (
			);
			runOnlyForDeploymentPostprocessing = 0;
		};
/* End PBXResourcesBuildPhase section */

/* Begin PBXShellScriptBuildPhase section */
		2BDF382BAC0926D22D17B897 /* [CP] Embed Pods Frameworks */ = {
			isa = PBXShellScriptBuildPhase;
			buildActionMask = 2147483647;
			files = (
			);
			inputFileListPaths = (
				"${PODS_ROOT}/Target Support Files/Pods-BudgetPlanning-BudgetPlanningUITests/Pods-BudgetPlanning-BudgetPlanningUITests-frameworks-${CONFIGURATION}-input-files.xcfilelist",
			);
			name = "[CP] Embed Pods Frameworks";
			outputFileListPaths = (
				"${PODS_ROOT}/Target Support Files/Pods-BudgetPlanning-BudgetPlanningUITests/Pods-BudgetPlanning-BudgetPlanningUITests-frameworks-${CONFIGURATION}-output-files.xcfilelist",
			);
			runOnlyForDeploymentPostprocessing = 0;
			shellPath = /bin/sh;
			shellScript = "\"${PODS_ROOT}/Target Support Files/Pods-BudgetPlanning-BudgetPlanningUITests/Pods-BudgetPlanning-BudgetPlanningUITests-frameworks.sh\"\n";
			showEnvVarsInLog = 0;
		};
		7DF9758B8A99914CDBD9C4A1 /* [CP] Embed Pods Frameworks */ = {
			isa = PBXShellScriptBuildPhase;
			buildActionMask = 2147483647;
			files = (
			);
			inputFileListPaths = (
				"${PODS_ROOT}/Target Support Files/Pods-BudgetPlanning/Pods-BudgetPlanning-frameworks-${CONFIGURATION}-input-files.xcfilelist",
			);
			name = "[CP] Embed Pods Frameworks";
			outputFileListPaths = (
				"${PODS_ROOT}/Target Support Files/Pods-BudgetPlanning/Pods-BudgetPlanning-frameworks-${CONFIGURATION}-output-files.xcfilelist",
			);
			runOnlyForDeploymentPostprocessing = 0;
			shellPath = /bin/sh;
			shellScript = "\"${PODS_ROOT}/Target Support Files/Pods-BudgetPlanning/Pods-BudgetPlanning-frameworks.sh\"\n";
			showEnvVarsInLog = 0;
		};
		A25B641FAE78725A6D50042E /* [CP] Check Pods Manifest.lock */ = {
			isa = PBXShellScriptBuildPhase;
			buildActionMask = 2147483647;
			files = (
			);
			inputFileListPaths = (
			);
			inputPaths = (
				"${PODS_PODFILE_DIR_PATH}/Podfile.lock",
				"${PODS_ROOT}/Manifest.lock",
			);
			name = "[CP] Check Pods Manifest.lock";
			outputFileListPaths = (
			);
			outputPaths = (
				"$(DERIVED_FILE_DIR)/Pods-BudgetPlanning-BudgetPlanningUITests-checkManifestLockResult.txt",
			);
			runOnlyForDeploymentPostprocessing = 0;
			shellPath = /bin/sh;
			shellScript = "diff \"${PODS_PODFILE_DIR_PATH}/Podfile.lock\" \"${PODS_ROOT}/Manifest.lock\" > /dev/null\nif [ $? != 0 ] ; then\n    # print error to STDERR\n    echo \"error: The sandbox is not in sync with the Podfile.lock. Run 'pod install' or update your CocoaPods installation.\" >&2\n    exit 1\nfi\n# This output is used by Xcode 'outputs' to avoid re-running this script phase.\necho \"SUCCESS\" > \"${SCRIPT_OUTPUT_FILE_0}\"\n";
			showEnvVarsInLog = 0;
		};
		B5D684994E7522A4D698C033 /* [CP] Check Pods Manifest.lock */ = {
			isa = PBXShellScriptBuildPhase;
			buildActionMask = 2147483647;
			files = (
			);
			inputFileListPaths = (
			);
			inputPaths = (
				"${PODS_PODFILE_DIR_PATH}/Podfile.lock",
				"${PODS_ROOT}/Manifest.lock",
			);
			name = "[CP] Check Pods Manifest.lock";
			outputFileListPaths = (
			);
			outputPaths = (
				"$(DERIVED_FILE_DIR)/Pods-BudgetPlanning-checkManifestLockResult.txt",
			);
			runOnlyForDeploymentPostprocessing = 0;
			shellPath = /bin/sh;
			shellScript = "diff \"${PODS_PODFILE_DIR_PATH}/Podfile.lock\" \"${PODS_ROOT}/Manifest.lock\" > /dev/null\nif [ $? != 0 ] ; then\n    # print error to STDERR\n    echo \"error: The sandbox is not in sync with the Podfile.lock. Run 'pod install' or update your CocoaPods installation.\" >&2\n    exit 1\nfi\n# This output is used by Xcode 'outputs' to avoid re-running this script phase.\necho \"SUCCESS\" > \"${SCRIPT_OUTPUT_FILE_0}\"\n";
			showEnvVarsInLog = 0;
		};
		BA5EE5D536054DA1BCF0CD00 /* [CP] Check Pods Manifest.lock */ = {
			isa = PBXShellScriptBuildPhase;
			buildActionMask = 2147483647;
			files = (
			);
			inputFileListPaths = (
			);
			inputPaths = (
				"${PODS_PODFILE_DIR_PATH}/Podfile.lock",
				"${PODS_ROOT}/Manifest.lock",
			);
			name = "[CP] Check Pods Manifest.lock";
			outputFileListPaths = (
			);
			outputPaths = (
				"$(DERIVED_FILE_DIR)/Pods-BudgetPlanningTests-checkManifestLockResult.txt",
			);
			runOnlyForDeploymentPostprocessing = 0;
			shellPath = /bin/sh;
			shellScript = "diff \"${PODS_PODFILE_DIR_PATH}/Podfile.lock\" \"${PODS_ROOT}/Manifest.lock\" > /dev/null\nif [ $? != 0 ] ; then\n    # print error to STDERR\n    echo \"error: The sandbox is not in sync with the Podfile.lock. Run 'pod install' or update your CocoaPods installation.\" >&2\n    exit 1\nfi\n# This output is used by Xcode 'outputs' to avoid re-running this script phase.\necho \"SUCCESS\" > \"${SCRIPT_OUTPUT_FILE_0}\"\n";
			showEnvVarsInLog = 0;
		};
/* End PBXShellScriptBuildPhase section */

/* Begin PBXSourcesBuildPhase section */
		ED9F09AE289F13D400672027 /* Sources */ = {
			isa = PBXSourcesBuildPhase;
			buildActionMask = 2147483647;
			files = (
				ED4F0D6528DFAEBA00F9359E /* AboutMyBudget+Collection.swift in Sources */,
				EDBC8FBC28E7ADA1000BB85E /* AboutUsVc.swift in Sources */,
				ED02F65A28A0573F003032D7 /* CustomTabbar.swift in Sources */,
				ED9119F828E7773000EC4C12 /* UIVC_Blur_Ext.swift in Sources */,
				EDA61E3028D7989900D60224 /* MonthGoalVC+Delegate.swift in Sources */,
				ED4F0D6028DF9EDE00F9359E /* PrecentageCell.swift in Sources */,
				ED94735728A444EC00BA10DD /* HomeVC+Collection.swift in Sources */,
				ED57417F28A257BD00969658 /* HomeVC.swift in Sources */,
				ED9F09BA289F13D400672027 /* ViewController.swift in Sources */,
				EDBC8FB528E79C1A000BB85E /* AboutUsVC.swift in Sources */,
				EDA8EFA42934CDAB0085D2F2 /* HeadView.swift in Sources */,
				ED09410028D523EC008180D2 /* MonthGoalVC.swift in Sources */,
				ED0A48A728A5612E00E29E5D /* CustomizedTabBar.swift in Sources */,
				ED4F0D6328DFAC6F00F9359E /* SelfSizingCollectionView.swift in Sources */,
				EDBC8FB628E79C1A000BB85E /* AboutUsVC+Delegation.swift in Sources */,
				ED725F4428A59662007FA711 /* UIViewX.swift in Sources */,
				ED2574B328A1518300FEC730 /* AboutMyBudgetVC.swift in Sources */,
				ED02F65C28A065E4003032D7 /* AppTabBar.swift in Sources */,
				EDA61E2E28D7986A00D60224 /* MonthGoalVC+Collection.swift in Sources */,
				ED4F0D6728DFAECD00F9359E /* AboutMyBudgetVC+Delegation.swift in Sources */,
				ED1EC5C828D5DEB9001F63A8 /* ArcView.swift in Sources */,
				ED57419128A29EDF00969658 /* Label_Ext.swift in Sources */,
				ED8B0EE528A101FC0093A429 /* UIViewController+AdditionalFeatures.swift in Sources */,
				EDA61E2B28D7879700D60224 /* PaymentsCell.swift in Sources */,
				EDA61E2728D782FC00D60224 /* DayNumCell.swift in Sources */,
				ED57418828A29B9200969658 /* SecondProgressBar.swift in Sources */,
				EDBC8FB828E79C1A000BB85E /* AboutUsVM.swift in Sources */,
				ED9F09C0289F13D400672027 /* BudgetPlanning.xcdatamodeld in Sources */,
				ED0940FB28D52241008180D2 /* CircularProgressView.swift in Sources */,
				ED9F09B6289F13D400672027 /* AppDelegate.swift in Sources */,
				ED94735928A4450000BA10DD /* HomeVC+Delegation.swift in Sources */,
				EDD0837728EAF825005B899F /* GaugeView.swift in Sources */,
				ED58E98F28A4DB4100E65EE7 /* TabbarController.swift in Sources */,
				EDE1887128AD159B004D0316 /* OrderDetailsVC.swift in Sources */,
				ED9C5DB028EA116E003BCD60 /* SpeedoMeterVC.swift in Sources */,
				ED02F65E28A0674A003032D7 /* Reload.swift in Sources */,
				ED9119FC28E7914C00EC4C12 /* SideMenuVC+Delegation.swift in Sources */,
				ED9F09B8289F13D400672027 /* SceneDelegate.swift in Sources */,
				ED57418328A258D100969658 /* FuturePurchasesCell.swift in Sources */,
				ED57419228A29EDF00969658 /* Btn_Ext.swift in Sources */,
				ED9119FA28E790FB00EC4C12 /* SideMenuVC+Collection.swift in Sources */,
				ED9C5DAC28EA1062003BCD60 /* SpeedometerView.swift in Sources */,
				ED8B0EE628A101FC0093A429 /* UIView+AdditionalFeatures.swift in Sources */,
				ED9119F128E76F5A00EC4C12 /* SideMenuVC.swift in Sources */,
				ED9119F528E772C500EC4C12 /* SideMenuCell.swift in Sources */,
			);
			runOnlyForDeploymentPostprocessing = 0;
		};
		ED9F09C7289F13DF00672027 /* Sources */ = {
			isa = PBXSourcesBuildPhase;
			buildActionMask = 2147483647;
			files = (
				ED9F09D0289F13DF00672027 /* BudgetPlanningTests.swift in Sources */,
			);
			runOnlyForDeploymentPostprocessing = 0;
		};
		ED9F09D1289F13DF00672027 /* Sources */ = {
			isa = PBXSourcesBuildPhase;
			buildActionMask = 2147483647;
			files = (
				ED9F09DC289F13E000672027 /* BudgetPlanningUITestsLaunchTests.swift in Sources */,
				ED9F09DA289F13E000672027 /* BudgetPlanningUITests.swift in Sources */,
			);
			runOnlyForDeploymentPostprocessing = 0;
		};
/* End PBXSourcesBuildPhase section */

/* Begin PBXTargetDependency section */
		ED9F09CD289F13DF00672027 /* PBXTargetDependency */ = {
			isa = PBXTargetDependency;
			target = ED9F09B1289F13D400672027 /* BudgetPlanning */;
			targetProxy = ED9F09CC289F13DF00672027 /* PBXContainerItemProxy */;
		};
		ED9F09D7289F13E000672027 /* PBXTargetDependency */ = {
			isa = PBXTargetDependency;
			target = ED9F09B1289F13D400672027 /* BudgetPlanning */;
			targetProxy = ED9F09D6289F13E000672027 /* PBXContainerItemProxy */;
		};
/* End PBXTargetDependency section */

/* Begin PBXVariantGroup section */
		ED9F09BB289F13D400672027 /* Main.storyboard */ = {
			isa = PBXVariantGroup;
			children = (
				ED9F09BC289F13D400672027 /* Base */,
			);
			name = Main.storyboard;
			sourceTree = "<group>";
		};
		ED9F09C3289F13DE00672027 /* LaunchScreen.storyboard */ = {
			isa = PBXVariantGroup;
			children = (
				ED9F09C4289F13DE00672027 /* Base */,
			);
			name = LaunchScreen.storyboard;
			sourceTree = "<group>";
		};
/* End PBXVariantGroup section */

/* Begin XCBuildConfiguration section */
		ED9F09DD289F13E000672027 /* Debug */ = {
			isa = XCBuildConfiguration;
			buildSettings = {
				ALWAYS_SEARCH_USER_PATHS = NO;
				CLANG_ANALYZER_NONNULL = YES;
				CLANG_ANALYZER_NUMBER_OBJECT_CONVERSION = YES_AGGRESSIVE;
				CLANG_CXX_LANGUAGE_STANDARD = "gnu++17";
				CLANG_ENABLE_MODULES = YES;
				CLANG_ENABLE_OBJC_ARC = YES;
				CLANG_ENABLE_OBJC_WEAK = YES;
				CLANG_WARN_BLOCK_CAPTURE_AUTORELEASING = YES;
				CLANG_WARN_BOOL_CONVERSION = YES;
				CLANG_WARN_COMMA = YES;
				CLANG_WARN_CONSTANT_CONVERSION = YES;
				CLANG_WARN_DEPRECATED_OBJC_IMPLEMENTATIONS = YES;
				CLANG_WARN_DIRECT_OBJC_ISA_USAGE = YES_ERROR;
				CLANG_WARN_DOCUMENTATION_COMMENTS = YES;
				CLANG_WARN_EMPTY_BODY = YES;
				CLANG_WARN_ENUM_CONVERSION = YES;
				CLANG_WARN_INFINITE_RECURSION = YES;
				CLANG_WARN_INT_CONVERSION = YES;
				CLANG_WARN_NON_LITERAL_NULL_CONVERSION = YES;
				CLANG_WARN_OBJC_IMPLICIT_RETAIN_SELF = YES;
				CLANG_WARN_OBJC_LITERAL_CONVERSION = YES;
				CLANG_WARN_OBJC_ROOT_CLASS = YES_ERROR;
				CLANG_WARN_QUOTED_INCLUDE_IN_FRAMEWORK_HEADER = YES;
				CLANG_WARN_RANGE_LOOP_ANALYSIS = YES;
				CLANG_WARN_STRICT_PROTOTYPES = YES;
				CLANG_WARN_SUSPICIOUS_MOVE = YES;
				CLANG_WARN_UNGUARDED_AVAILABILITY = YES_AGGRESSIVE;
				CLANG_WARN_UNREACHABLE_CODE = YES;
				CLANG_WARN__DUPLICATE_METHOD_MATCH = YES;
				COPY_PHASE_STRIP = NO;
				DEBUG_INFORMATION_FORMAT = dwarf;
				ENABLE_STRICT_OBJC_MSGSEND = YES;
				ENABLE_TESTABILITY = YES;
				GCC_C_LANGUAGE_STANDARD = gnu11;
				GCC_DYNAMIC_NO_PIC = NO;
				GCC_NO_COMMON_BLOCKS = YES;
				GCC_OPTIMIZATION_LEVEL = 0;
				GCC_PREPROCESSOR_DEFINITIONS = (
					"DEBUG=1",
					"$(inherited)",
				);
				GCC_WARN_64_TO_32_BIT_CONVERSION = YES;
				GCC_WARN_ABOUT_RETURN_TYPE = YES_ERROR;
				GCC_WARN_UNDECLARED_SELECTOR = YES;
				GCC_WARN_UNINITIALIZED_AUTOS = YES_AGGRESSIVE;
				GCC_WARN_UNUSED_FUNCTION = YES;
				GCC_WARN_UNUSED_VARIABLE = YES;
				IPHONEOS_DEPLOYMENT_TARGET = 15.5;
				MTL_ENABLE_DEBUG_INFO = INCLUDE_SOURCE;
				MTL_FAST_MATH = YES;
				ONLY_ACTIVE_ARCH = YES;
				SDKROOT = iphoneos;
				SWIFT_ACTIVE_COMPILATION_CONDITIONS = DEBUG;
				SWIFT_OPTIMIZATION_LEVEL = "-Onone";
			};
			name = Debug;
		};
		ED9F09DE289F13E000672027 /* Release */ = {
			isa = XCBuildConfiguration;
			buildSettings = {
				ALWAYS_SEARCH_USER_PATHS = NO;
				CLANG_ANALYZER_NONNULL = YES;
				CLANG_ANALYZER_NUMBER_OBJECT_CONVERSION = YES_AGGRESSIVE;
				CLANG_CXX_LANGUAGE_STANDARD = "gnu++17";
				CLANG_ENABLE_MODULES = YES;
				CLANG_ENABLE_OBJC_ARC = YES;
				CLANG_ENABLE_OBJC_WEAK = YES;
				CLANG_WARN_BLOCK_CAPTURE_AUTORELEASING = YES;
				CLANG_WARN_BOOL_CONVERSION = YES;
				CLANG_WARN_COMMA = YES;
				CLANG_WARN_CONSTANT_CONVERSION = YES;
				CLANG_WARN_DEPRECATED_OBJC_IMPLEMENTATIONS = YES;
				CLANG_WARN_DIRECT_OBJC_ISA_USAGE = YES_ERROR;
				CLANG_WARN_DOCUMENTATION_COMMENTS = YES;
				CLANG_WARN_EMPTY_BODY = YES;
				CLANG_WARN_ENUM_CONVERSION = YES;
				CLANG_WARN_INFINITE_RECURSION = YES;
				CLANG_WARN_INT_CONVERSION = YES;
				CLANG_WARN_NON_LITERAL_NULL_CONVERSION = YES;
				CLANG_WARN_OBJC_IMPLICIT_RETAIN_SELF = YES;
				CLANG_WARN_OBJC_LITERAL_CONVERSION = YES;
				CLANG_WARN_OBJC_ROOT_CLASS = YES_ERROR;
				CLANG_WARN_QUOTED_INCLUDE_IN_FRAMEWORK_HEADER = YES;
				CLANG_WARN_RANGE_LOOP_ANALYSIS = YES;
				CLANG_WARN_STRICT_PROTOTYPES = YES;
				CLANG_WARN_SUSPICIOUS_MOVE = YES;
				CLANG_WARN_UNGUARDED_AVAILABILITY = YES_AGGRESSIVE;
				CLANG_WARN_UNREACHABLE_CODE = YES;
				CLANG_WARN__DUPLICATE_METHOD_MATCH = YES;
				COPY_PHASE_STRIP = NO;
				DEBUG_INFORMATION_FORMAT = "dwarf-with-dsym";
				ENABLE_NS_ASSERTIONS = NO;
				ENABLE_STRICT_OBJC_MSGSEND = YES;
				GCC_C_LANGUAGE_STANDARD = gnu11;
				GCC_NO_COMMON_BLOCKS = YES;
				GCC_WARN_64_TO_32_BIT_CONVERSION = YES;
				GCC_WARN_ABOUT_RETURN_TYPE = YES_ERROR;
				GCC_WARN_UNDECLARED_SELECTOR = YES;
				GCC_WARN_UNINITIALIZED_AUTOS = YES_AGGRESSIVE;
				GCC_WARN_UNUSED_FUNCTION = YES;
				GCC_WARN_UNUSED_VARIABLE = YES;
				IPHONEOS_DEPLOYMENT_TARGET = 15.5;
				MTL_ENABLE_DEBUG_INFO = NO;
				MTL_FAST_MATH = YES;
				SDKROOT = iphoneos;
				SWIFT_COMPILATION_MODE = wholemodule;
				SWIFT_OPTIMIZATION_LEVEL = "-O";
				VALIDATE_PRODUCT = YES;
			};
			name = Release;
		};
		ED9F09E0289F13E000672027 /* Debug */ = {
			isa = XCBuildConfiguration;
			baseConfigurationReference = 4975A661671726AF71FE99E2 /* Pods-BudgetPlanning.debug.xcconfig */;
			buildSettings = {
				ASSETCATALOG_COMPILER_APPICON_NAME = AppIcon;
				ASSETCATALOG_COMPILER_GLOBAL_ACCENT_COLOR_NAME = AccentColor;
				CODE_SIGN_STYLE = Automatic;
				CURRENT_PROJECT_VERSION = 1;
				GENERATE_INFOPLIST_FILE = YES;
				INFOPLIST_FILE = BudgetPlanning/Info.plist;
				INFOPLIST_KEY_UIApplicationSupportsIndirectInputEvents = YES;
				INFOPLIST_KEY_UILaunchStoryboardName = LaunchScreen;
				INFOPLIST_KEY_UIMainStoryboardFile = Main;
				INFOPLIST_KEY_UISupportedInterfaceOrientations_iPad = "UIInterfaceOrientationPortrait UIInterfaceOrientationPortraitUpsideDown UIInterfaceOrientationLandscapeLeft UIInterfaceOrientationLandscapeRight";
				INFOPLIST_KEY_UISupportedInterfaceOrientations_iPhone = "UIInterfaceOrientationPortrait UIInterfaceOrientationLandscapeLeft UIInterfaceOrientationLandscapeRight";
				LD_RUNPATH_SEARCH_PATHS = (
					"$(inherited)",
					"@executable_path/Frameworks",
				);
				MARKETING_VERSION = 1.0;
				PRODUCT_BUNDLE_IDENTIFIER = com.68lion.BudgetPlanning;
				PRODUCT_NAME = "$(TARGET_NAME)";
				SWIFT_EMIT_LOC_STRINGS = YES;
				SWIFT_VERSION = 5.0;
				TARGETED_DEVICE_FAMILY = "1,2";
			};
			name = Debug;
		};
		ED9F09E1289F13E000672027 /* Release */ = {
			isa = XCBuildConfiguration;
			baseConfigurationReference = 5731EF67DAF826BEC4E6D970 /* Pods-BudgetPlanning.release.xcconfig */;
			buildSettings = {
				ASSETCATALOG_COMPILER_APPICON_NAME = AppIcon;
				ASSETCATALOG_COMPILER_GLOBAL_ACCENT_COLOR_NAME = AccentColor;
				CODE_SIGN_STYLE = Automatic;
				CURRENT_PROJECT_VERSION = 1;
				GENERATE_INFOPLIST_FILE = YES;
				INFOPLIST_FILE = BudgetPlanning/Info.plist;
				INFOPLIST_KEY_UIApplicationSupportsIndirectInputEvents = YES;
				INFOPLIST_KEY_UILaunchStoryboardName = LaunchScreen;
				INFOPLIST_KEY_UIMainStoryboardFile = Main;
				INFOPLIST_KEY_UISupportedInterfaceOrientations_iPad = "UIInterfaceOrientationPortrait UIInterfaceOrientationPortraitUpsideDown UIInterfaceOrientationLandscapeLeft UIInterfaceOrientationLandscapeRight";
				INFOPLIST_KEY_UISupportedInterfaceOrientations_iPhone = "UIInterfaceOrientationPortrait UIInterfaceOrientationLandscapeLeft UIInterfaceOrientationLandscapeRight";
				LD_RUNPATH_SEARCH_PATHS = (
					"$(inherited)",
					"@executable_path/Frameworks",
				);
				MARKETING_VERSION = 1.0;
				PRODUCT_BUNDLE_IDENTIFIER = com.68lion.BudgetPlanning;
				PRODUCT_NAME = "$(TARGET_NAME)";
				SWIFT_EMIT_LOC_STRINGS = YES;
				SWIFT_VERSION = 5.0;
				TARGETED_DEVICE_FAMILY = "1,2";
			};
			name = Release;
		};
		ED9F09E3289F13E000672027 /* Debug */ = {
			isa = XCBuildConfiguration;
			baseConfigurationReference = 298501F10F1C91ACB780648D /* Pods-BudgetPlanningTests.debug.xcconfig */;
			buildSettings = {
				ALWAYS_EMBED_SWIFT_STANDARD_LIBRARIES = YES;
				BUNDLE_LOADER = "$(TEST_HOST)";
				CODE_SIGN_STYLE = Automatic;
				CURRENT_PROJECT_VERSION = 1;
				GENERATE_INFOPLIST_FILE = YES;
				IPHONEOS_DEPLOYMENT_TARGET = 15.5;
				MARKETING_VERSION = 1.0;
				PRODUCT_BUNDLE_IDENTIFIER = com.68lion.BudgetPlanningTests;
				PRODUCT_NAME = "$(TARGET_NAME)";
				SWIFT_EMIT_LOC_STRINGS = NO;
				SWIFT_VERSION = 5.0;
				TARGETED_DEVICE_FAMILY = "1,2";
				TEST_HOST = "$(BUILT_PRODUCTS_DIR)/BudgetPlanning.app/BudgetPlanning";
			};
			name = Debug;
		};
		ED9F09E4289F13E000672027 /* Release */ = {
			isa = XCBuildConfiguration;
			baseConfigurationReference = 8DC5B369780F518115B69992 /* Pods-BudgetPlanningTests.release.xcconfig */;
			buildSettings = {
				ALWAYS_EMBED_SWIFT_STANDARD_LIBRARIES = YES;
				BUNDLE_LOADER = "$(TEST_HOST)";
				CODE_SIGN_STYLE = Automatic;
				CURRENT_PROJECT_VERSION = 1;
				GENERATE_INFOPLIST_FILE = YES;
				IPHONEOS_DEPLOYMENT_TARGET = 15.5;
				MARKETING_VERSION = 1.0;
				PRODUCT_BUNDLE_IDENTIFIER = com.68lion.BudgetPlanningTests;
				PRODUCT_NAME = "$(TARGET_NAME)";
				SWIFT_EMIT_LOC_STRINGS = NO;
				SWIFT_VERSION = 5.0;
				TARGETED_DEVICE_FAMILY = "1,2";
				TEST_HOST = "$(BUILT_PRODUCTS_DIR)/BudgetPlanning.app/BudgetPlanning";
			};
			name = Release;
		};
		ED9F09E6289F13E000672027 /* Debug */ = {
			isa = XCBuildConfiguration;
			baseConfigurationReference = 34D9DC591BB24D163A47973D /* Pods-BudgetPlanning-BudgetPlanningUITests.debug.xcconfig */;
			buildSettings = {
				ALWAYS_EMBED_SWIFT_STANDARD_LIBRARIES = YES;
				CODE_SIGN_STYLE = Automatic;
				CURRENT_PROJECT_VERSION = 1;
				GENERATE_INFOPLIST_FILE = YES;
				MARKETING_VERSION = 1.0;
				PRODUCT_BUNDLE_IDENTIFIER = com.68lion.BudgetPlanningUITests;
				PRODUCT_NAME = "$(TARGET_NAME)";
				SWIFT_EMIT_LOC_STRINGS = NO;
				SWIFT_VERSION = 5.0;
				TARGETED_DEVICE_FAMILY = "1,2";
				TEST_TARGET_NAME = BudgetPlanning;
			};
			name = Debug;
		};
		ED9F09E7289F13E000672027 /* Release */ = {
			isa = XCBuildConfiguration;
			baseConfigurationReference = 43E036EC77982EFA1852B1F2 /* Pods-BudgetPlanning-BudgetPlanningUITests.release.xcconfig */;
			buildSettings = {
				ALWAYS_EMBED_SWIFT_STANDARD_LIBRARIES = YES;
				CODE_SIGN_STYLE = Automatic;
				CURRENT_PROJECT_VERSION = 1;
				GENERATE_INFOPLIST_FILE = YES;
				MARKETING_VERSION = 1.0;
				PRODUCT_BUNDLE_IDENTIFIER = com.68lion.BudgetPlanningUITests;
				PRODUCT_NAME = "$(TARGET_NAME)";
				SWIFT_EMIT_LOC_STRINGS = NO;
				SWIFT_VERSION = 5.0;
				TARGETED_DEVICE_FAMILY = "1,2";
				TEST_TARGET_NAME = BudgetPlanning;
			};
			name = Release;
		};
/* End XCBuildConfiguration section */

/* Begin XCConfigurationList section */
		ED9F09AD289F13D400672027 /* Build configuration list for PBXProject "BudgetPlanning" */ = {
			isa = XCConfigurationList;
			buildConfigurations = (
				ED9F09DD289F13E000672027 /* Debug */,
				ED9F09DE289F13E000672027 /* Release */,
			);
			defaultConfigurationIsVisible = 0;
			defaultConfigurationName = Release;
		};
		ED9F09DF289F13E000672027 /* Build configuration list for PBXNativeTarget "BudgetPlanning" */ = {
			isa = XCConfigurationList;
			buildConfigurations = (
				ED9F09E0289F13E000672027 /* Debug */,
				ED9F09E1289F13E000672027 /* Release */,
			);
			defaultConfigurationIsVisible = 0;
			defaultConfigurationName = Release;
		};
		ED9F09E2289F13E000672027 /* Build configuration list for PBXNativeTarget "BudgetPlanningTests" */ = {
			isa = XCConfigurationList;
			buildConfigurations = (
				ED9F09E3289F13E000672027 /* Debug */,
				ED9F09E4289F13E000672027 /* Release */,
			);
			defaultConfigurationIsVisible = 0;
			defaultConfigurationName = Release;
		};
		ED9F09E5289F13E000672027 /* Build configuration list for PBXNativeTarget "BudgetPlanningUITests" */ = {
			isa = XCConfigurationList;
			buildConfigurations = (
				ED9F09E6289F13E000672027 /* Debug */,
				ED9F09E7289F13E000672027 /* Release */,
			);
			defaultConfigurationIsVisible = 0;
			defaultConfigurationName = Release;
		};
/* End XCConfigurationList section */

/* Begin XCVersionGroup section */
		ED9F09BE289F13D400672027 /* BudgetPlanning.xcdatamodeld */ = {
			isa = XCVersionGroup;
			children = (
				ED9F09BF289F13D400672027 /* BudgetPlanning.xcdatamodel */,
			);
			currentVersion = ED9F09BF289F13D400672027 /* BudgetPlanning.xcdatamodel */;
			path = BudgetPlanning.xcdatamodeld;
			sourceTree = "<group>";
			versionGroupType = wrapper.xcdatamodel;
		};
/* End XCVersionGroup section */
	};
	rootObject = ED9F09AA289F13D400672027 /* Project object */;
}
